// !$*UTF8*$!
{
	archiveVersion = 1;
	classes = {
	};
	objectVersion = 46;
	objects = {

/* Begin PBXBuildFile section */
		1E58EAF64BD0B19AF0B099AD /* Pods_DemoTests.framework in Frameworks */ = {isa = PBXBuildFile; fileRef = C876B46068B3CCF90FA02423 /* Pods_DemoTests.framework */; };
		5E47F32C1C3EAE9B00EC0751 /* AppDelegate.swift in Sources */ = {isa = PBXBuildFile; fileRef = 5E47F32B1C3EAE9B00EC0751 /* AppDelegate.swift */; };
		5E47F32E1C3EAE9B00EC0751 /* ViewController.swift in Sources */ = {isa = PBXBuildFile; fileRef = 5E47F32D1C3EAE9B00EC0751 /* ViewController.swift */; };
		5E47F3311C3EAE9B00EC0751 /* Main.storyboard in Resources */ = {isa = PBXBuildFile; fileRef = 5E47F32F1C3EAE9B00EC0751 /* Main.storyboard */; };
		5E47F3331C3EAE9B00EC0751 /* Assets.xcassets in Resources */ = {isa = PBXBuildFile; fileRef = 5E47F3321C3EAE9B00EC0751 /* Assets.xcassets */; };
		5E47F3361C3EAE9B00EC0751 /* LaunchScreen.storyboard in Resources */ = {isa = PBXBuildFile; fileRef = 5E47F3341C3EAE9B00EC0751 /* LaunchScreen.storyboard */; };
		5E47F3411C3EAE9B00EC0751 /* DemoTests.swift in Sources */ = {isa = PBXBuildFile; fileRef = 5E47F3401C3EAE9B00EC0751 /* DemoTests.swift */; };
/* End PBXBuildFile section */

/* Begin PBXContainerItemProxy section */
		5E47F33D1C3EAE9B00EC0751 /* PBXContainerItemProxy */ = {
			isa = PBXContainerItemProxy;
			containerPortal = 5E47F3201C3EAE9B00EC0751 /* Project object */;
			proxyType = 1;
			remoteGlobalIDString = 5E47F3271C3EAE9B00EC0751;
			remoteInfo = Demo;
		};
/* End PBXContainerItemProxy section */

/* Begin PBXFileReference section */
		4A7392CAD0494CEBBADF1D80 /* Pods-DemoTests.release.xcconfig */ = {isa = PBXFileReference; includeInIndex = 1; lastKnownFileType = text.xcconfig; name = "Pods-DemoTests.release.xcconfig"; path = "Pods/Target Support Files/Pods-DemoTests/Pods-DemoTests.release.xcconfig"; sourceTree = "<group>"; };
		5E47F3281C3EAE9B00EC0751 /* Demo.app */ = {isa = PBXFileReference; explicitFileType = wrapper.application; includeInIndex = 0; path = Demo.app; sourceTree = BUILT_PRODUCTS_DIR; };
		5E47F32B1C3EAE9B00EC0751 /* AppDelegate.swift */ = {isa = PBXFileReference; lastKnownFileType = sourcecode.swift; path = AppDelegate.swift; sourceTree = "<group>"; };
		5E47F32D1C3EAE9B00EC0751 /* ViewController.swift */ = {isa = PBXFileReference; lastKnownFileType = sourcecode.swift; path = ViewController.swift; sourceTree = "<group>"; };
		5E47F3301C3EAE9B00EC0751 /* Base */ = {isa = PBXFileReference; lastKnownFileType = file.storyboard; name = Base; path = Base.lproj/Main.storyboard; sourceTree = "<group>"; };
		5E47F3321C3EAE9B00EC0751 /* Assets.xcassets */ = {isa = PBXFileReference; lastKnownFileType = folder.assetcatalog; path = Assets.xcassets; sourceTree = "<group>"; };
		5E47F3351C3EAE9B00EC0751 /* Base */ = {isa = PBXFileReference; lastKnownFileType = file.storyboard; name = Base; path = Base.lproj/LaunchScreen.storyboard; sourceTree = "<group>"; };
		5E47F3371C3EAE9B00EC0751 /* Info.plist */ = {isa = PBXFileReference; lastKnownFileType = text.plist.xml; path = Info.plist; sourceTree = "<group>"; };
		5E47F33C1C3EAE9B00EC0751 /* DemoTests.xctest */ = {isa = PBXFileReference; explicitFileType = wrapper.cfbundle; includeInIndex = 0; path = DemoTests.xctest; sourceTree = BUILT_PRODUCTS_DIR; };
		5E47F3401C3EAE9B00EC0751 /* DemoTests.swift */ = {isa = PBXFileReference; lastKnownFileType = sourcecode.swift; path = DemoTests.swift; sourceTree = "<group>"; };
		5E47F3421C3EAE9B00EC0751 /* Info.plist */ = {isa = PBXFileReference; lastKnownFileType = text.plist.xml; path = Info.plist; sourceTree = "<group>"; };
		C876B46068B3CCF90FA02423 /* Pods_DemoTests.framework */ = {isa = PBXFileReference; explicitFileType = wrapper.framework; includeInIndex = 0; path = Pods_DemoTests.framework; sourceTree = BUILT_PRODUCTS_DIR; };
		EB1B85FE14BD052FF848891A /* Pods-DemoTests.debug.xcconfig */ = {isa = PBXFileReference; includeInIndex = 1; lastKnownFileType = text.xcconfig; name = "Pods-DemoTests.debug.xcconfig"; path = "Pods/Target Support Files/Pods-DemoTests/Pods-DemoTests.debug.xcconfig"; sourceTree = "<group>"; };
/* End PBXFileReference section */

/* Begin PBXFrameworksBuildPhase section */
		5E47F3251C3EAE9B00EC0751 /* Frameworks */ = {
			isa = PBXFrameworksBuildPhase;
			buildActionMask = 2147483647;
			files = (
			);
			runOnlyForDeploymentPostprocessing = 0;
		};
		5E47F3391C3EAE9B00EC0751 /* Frameworks */ = {
			isa = PBXFrameworksBuildPhase;
			buildActionMask = 2147483647;
			files = (
				1E58EAF64BD0B19AF0B099AD /* Pods_DemoTests.framework in Frameworks */,
			);
			runOnlyForDeploymentPostprocessing = 0;
		};
/* End PBXFrameworksBuildPhase section */

/* Begin PBXGroup section */
		079A5A5BE64B8113343AE5A5 /* Frameworks */ = {
			isa = PBXGroup;
			children = (
				C876B46068B3CCF90FA02423 /* Pods_DemoTests.framework */,
			);
			name = Frameworks;
			sourceTree = "<group>";
		};
		5E47F31F1C3EAE9B00EC0751 = {
			isa = PBXGroup;
			children = (
				5E47F32A1C3EAE9B00EC0751 /* Demo */,
				5E47F33F1C3EAE9B00EC0751 /* DemoTests */,
				5E47F3291C3EAE9B00EC0751 /* Products */,
				B6EBAF7440038D75833CE536 /* Pods */,
				079A5A5BE64B8113343AE5A5 /* Frameworks */,
			);
			sourceTree = "<group>";
		};
		5E47F3291C3EAE9B00EC0751 /* Products */ = {
			isa = PBXGroup;
			children = (
				5E47F3281C3EAE9B00EC0751 /* Demo.app */,
				5E47F33C1C3EAE9B00EC0751 /* DemoTests.xctest */,
			);
			name = Products;
			sourceTree = "<group>";
		};
		5E47F32A1C3EAE9B00EC0751 /* Demo */ = {
			isa = PBXGroup;
			children = (
				5E47F32B1C3EAE9B00EC0751 /* AppDelegate.swift */,
				5E47F32D1C3EAE9B00EC0751 /* ViewController.swift */,
				5E47F32F1C3EAE9B00EC0751 /* Main.storyboard */,
				5E47F3321C3EAE9B00EC0751 /* Assets.xcassets */,
				5E47F3341C3EAE9B00EC0751 /* LaunchScreen.storyboard */,
				5E47F3371C3EAE9B00EC0751 /* Info.plist */,
			);
			path = Demo;
			sourceTree = "<group>";
		};
		5E47F33F1C3EAE9B00EC0751 /* DemoTests */ = {
			isa = PBXGroup;
			children = (
				5E47F3401C3EAE9B00EC0751 /* DemoTests.swift */,
				5E47F3421C3EAE9B00EC0751 /* Info.plist */,
			);
			path = DemoTests;
			sourceTree = "<group>";
		};
		B6EBAF7440038D75833CE536 /* Pods */ = {
			isa = PBXGroup;
			children = (
				EB1B85FE14BD052FF848891A /* Pods-DemoTests.debug.xcconfig */,
				4A7392CAD0494CEBBADF1D80 /* Pods-DemoTests.release.xcconfig */,
			);
			name = Pods;
			sourceTree = "<group>";
		};
/* End PBXGroup section */

/* Begin PBXNativeTarget section */
		5E47F3271C3EAE9B00EC0751 /* Demo */ = {
			isa = PBXNativeTarget;
			buildConfigurationList = 5E47F3451C3EAE9B00EC0751 /* Build configuration list for PBXNativeTarget "Demo" */;
			buildPhases = (
				5E47F3241C3EAE9B00EC0751 /* Sources */,
				5E47F3251C3EAE9B00EC0751 /* Frameworks */,
				5E47F3261C3EAE9B00EC0751 /* Resources */,
			);
			buildRules = (
			);
			dependencies = (
			);
			name = Demo;
			productName = Demo;
			productReference = 5E47F3281C3EAE9B00EC0751 /* Demo.app */;
			productType = "com.apple.product-type.application";
		};
		5E47F33B1C3EAE9B00EC0751 /* DemoTests */ = {
			isa = PBXNativeTarget;
			buildConfigurationList = 5E47F3481C3EAE9B00EC0751 /* Build configuration list for PBXNativeTarget "DemoTests" */;
			buildPhases = (
				25425EE069D56D99204BBBB4 /* Check Pods Manifest.lock */,
				5E47F3381C3EAE9B00EC0751 /* Sources */,
				5E47F3391C3EAE9B00EC0751 /* Frameworks */,
				5E47F33A1C3EAE9B00EC0751 /* Resources */,
				0221D3433E3A846BBA2AA907 /* Embed Pods Frameworks */,
				73E174188937212EB838BB6B /* Copy Pods Resources */,
			);
			buildRules = (
			);
			dependencies = (
				5E47F33E1C3EAE9B00EC0751 /* PBXTargetDependency */,
			);
			name = DemoTests;
			productName = DemoTests;
			productReference = 5E47F33C1C3EAE9B00EC0751 /* DemoTests.xctest */;
			productType = "com.apple.product-type.bundle.unit-test";
		};
/* End PBXNativeTarget section */

/* Begin PBXProject section */
		5E47F3201C3EAE9B00EC0751 /* Project object */ = {
			isa = PBXProject;
			attributes = {
				LastSwiftUpdateCheck = 0710;
				LastUpgradeCheck = 0710;
				ORGANIZATIONNAME = "Ash Furrow";
				TargetAttributes = {
					5E47F3271C3EAE9B00EC0751 = {
						CreatedOnToolsVersion = 7.1;
					};
					5E47F33B1C3EAE9B00EC0751 = {
						CreatedOnToolsVersion = 7.1;
						TestTargetID = 5E47F3271C3EAE9B00EC0751;
					};
				};
			};
			buildConfigurationList = 5E47F3231C3EAE9B00EC0751 /* Build configuration list for PBXProject "Demo" */;
			compatibilityVersion = "Xcode 3.2";
			developmentRegion = English;
			hasScannedForEncodings = 0;
			knownRegions = (
				en,
				Base,
			);
			mainGroup = 5E47F31F1C3EAE9B00EC0751;
			productRefGroup = 5E47F3291C3EAE9B00EC0751 /* Products */;
			projectDirPath = "";
			projectRoot = "";
			targets = (
				5E47F3271C3EAE9B00EC0751 /* Demo */,
				5E47F33B1C3EAE9B00EC0751 /* DemoTests */,
			);
		};
/* End PBXProject section */

/* Begin PBXResourcesBuildPhase section */
		5E47F3261C3EAE9B00EC0751 /* Resources */ = {
			isa = PBXResourcesBuildPhase;
			buildActionMask = 2147483647;
			files = (
				5E47F3361C3EAE9B00EC0751 /* LaunchScreen.storyboard in Resources */,
				5E47F3331C3EAE9B00EC0751 /* Assets.xcassets in Resources */,
				5E47F3311C3EAE9B00EC0751 /* Main.storyboard in Resources */,
			);
			runOnlyForDeploymentPostprocessing = 0;
		};
		5E47F33A1C3EAE9B00EC0751 /* Resources */ = {
			isa = PBXResourcesBuildPhase;
			buildActionMask = 2147483647;
			files = (
			);
			runOnlyForDeploymentPostprocessing = 0;
		};
/* End PBXResourcesBuildPhase section */

/* Begin PBXShellScriptBuildPhase section */
		0221D3433E3A846BBA2AA907 /* Embed Pods Frameworks */ = {
			isa = PBXShellScriptBuildPhase;
			buildActionMask = 2147483647;
			files = (
			);
			inputPaths = (
			);
			name = "Embed Pods Frameworks";
			outputPaths = (
			);
			runOnlyForDeploymentPostprocessing = 0;
			shellPath = /bin/sh;
			shellScript = "\"${SRCROOT}/Pods/Target Support Files/Pods-DemoTests/Pods-DemoTests-frameworks.sh\"\n";
			showEnvVarsInLog = 0;
		};
		25425EE069D56D99204BBBB4 /* Check Pods Manifest.lock */ = {
			isa = PBXShellScriptBuildPhase;
			buildActionMask = 2147483647;
			files = (
			);
			inputPaths = (
			);
			name = "Check Pods Manifest.lock";
			outputPaths = (
			);
			runOnlyForDeploymentPostprocessing = 0;
			shellPath = /bin/sh;
			shellScript = "diff \"${PODS_ROOT}/../Podfile.lock\" \"${PODS_ROOT}/Manifest.lock\" > /dev/null\nif [[ $? != 0 ]] ; then\n    cat << EOM\nerror: The sandbox is not in sync with the Podfile.lock. Run 'pod install' or update your CocoaPods installation.\nEOM\n    exit 1\nfi\n";
			showEnvVarsInLog = 0;
		};
		73E174188937212EB838BB6B /* Copy Pods Resources */ = {
			isa = PBXShellScriptBuildPhase;
			buildActionMask = 2147483647;
			files = (
			);
			inputPaths = (
			);
			name = "Copy Pods Resources";
			outputPaths = (
			);
			runOnlyForDeploymentPostprocessing = 0;
			shellPath = /bin/sh;
			shellScript = "\"${SRCROOT}/Pods/Target Support Files/Pods-DemoTests/Pods-DemoTests-resources.sh\"\n";
			showEnvVarsInLog = 0;
		};
/* End PBXShellScriptBuildPhase section */

/* Begin PBXSourcesBuildPhase section */
		5E47F3241C3EAE9B00EC0751 /* Sources */ = {
			isa = PBXSourcesBuildPhase;
			buildActionMask = 2147483647;
			files = (
				5E47F32E1C3EAE9B00EC0751 /* ViewController.swift in Sources */,
				5E47F32C1C3EAE9B00EC0751 /* AppDelegate.swift in Sources */,
			);
			runOnlyForDeploymentPostprocessing = 0;
		};
		5E47F3381C3EAE9B00EC0751 /* Sources */ = {
			isa = PBXSourcesBuildPhase;
			buildActionMask = 2147483647;
			files = (
				5E47F3411C3EAE9B00EC0751 /* DemoTests.swift in Sources */,
			);
			runOnlyForDeploymentPostprocessing = 0;
		};
/* End PBXSourcesBuildPhase section */

/* Begin PBXTargetDependency section */
		5E47F33E1C3EAE9B00EC0751 /* PBXTargetDependency */ = {
			isa = PBXTargetDependency;
			target = 5E47F3271C3EAE9B00EC0751 /* Demo */;
			targetProxy = 5E47F33D1C3EAE9B00EC0751 /* PBXContainerItemProxy */;
		};
/* End PBXTargetDependency section */

/* Begin PBXVariantGroup section */
		5E47F32F1C3EAE9B00EC0751 /* Main.storyboard */ = {
			isa = PBXVariantGroup;
			children = (
				5E47F3301C3EAE9B00EC0751 /* Base */,
			);
			name = Main.storyboard;
			sourceTree = "<group>";
		};
		5E47F3341C3EAE9B00EC0751 /* LaunchScreen.storyboard */ = {
			isa = PBXVariantGroup;
			children = (
				5E47F3351C3EAE9B00EC0751 /* Base */,
			);
			name = LaunchScreen.storyboard;
			sourceTree = "<group>";
		};
/* End PBXVariantGroup section */

/* Begin XCBuildConfiguration section */
		5E47F3431C3EAE9B00EC0751 /* Debug */ = {
			isa = XCBuildConfiguration;
			buildSettings = {
				ALWAYS_SEARCH_USER_PATHS = NO;
				CLANG_CXX_LANGUAGE_STANDARD = "gnu++0x";
				CLANG_CXX_LIBRARY = "libc++";
				CLANG_ENABLE_MODULES = YES;
				CLANG_ENABLE_OBJC_ARC = YES;
				CLANG_WARN_BOOL_CONVERSION = YES;
				CLANG_WARN_CONSTANT_CONVERSION = YES;
				CLANG_WARN_DIRECT_OBJC_ISA_USAGE = YES_ERROR;
				CLANG_WARN_EMPTY_BODY = YES;
				CLANG_WARN_ENUM_CONVERSION = YES;
				CLANG_WARN_INT_CONVERSION = YES;
				CLANG_WARN_OBJC_ROOT_CLASS = YES_ERROR;
				CLANG_WARN_UNREACHABLE_CODE = YES;
				CLANG_WARN__DUPLICATE_METHOD_MATCH = YES;
				"CODE_SIGN_IDENTITY[sdk=iphoneos*]" = "iPhone Developer";
				COPY_PHASE_STRIP = NO;
				DEBUG_INFORMATION_FORMAT = dwarf;
				ENABLE_STRICT_OBJC_MSGSEND = YES;
				ENABLE_TESTABILITY = YES;
				GCC_C_LANGUAGE_STANDARD = gnu99;
				GCC_DYNAMIC_NO_PIC = NO;
				GCC_NO_COMMON_BLOCKS = YES;
				GCC_OPTIMIZATION_LEVEL = 0;
				GCC_PREPROCESSOR_DEFINITIONS = (
					"DEBUG=1",
					"$(inherited)",
				);
				GCC_WARN_64_TO_32_BIT_CONVERSION = YES;
				GCC_WARN_ABOUT_RETURN_TYPE = YES_ERROR;
				GCC_WARN_UNDECLARED_SELECTOR = YES;
				GCC_WARN_UNINITIALIZED_AUTOS = YES_AGGRESSIVE;
				GCC_WARN_UNUSED_FUNCTION = YES;
				GCC_WARN_UNUSED_VARIABLE = YES;
				IPHONEOS_DEPLOYMENT_TARGET = 9.1;
				MTL_ENABLE_DEBUG_INFO = YES;
				ONLY_ACTIVE_ARCH = YES;
				SDKROOT = iphoneos;
				SWIFT_OPTIMIZATION_LEVEL = "-Onone";
			};
			name = Debug;
		};
		5E47F3441C3EAE9B00EC0751 /* Release */ = {
			isa = XCBuildConfiguration;
			buildSettings = {
				ALWAYS_SEARCH_USER_PATHS = NO;
				CLANG_CXX_LANGUAGE_STANDARD = "gnu++0x";
				CLANG_CXX_LIBRARY = "libc++";
				CLANG_ENABLE_MODULES = YES;
				CLANG_ENABLE_OBJC_ARC = YES;
				CLANG_WARN_BOOL_CONVERSION = YES;
				CLANG_WARN_CONSTANT_CONVERSION = YES;
				CLANG_WARN_DIRECT_OBJC_ISA_USAGE = YES_ERROR;
				CLANG_WARN_EMPTY_BODY = YES;
				CLANG_WARN_ENUM_CONVERSION = YES;
				CLANG_WARN_INT_CONVERSION = YES;
				CLANG_WARN_OBJC_ROOT_CLASS = YES_ERROR;
				CLANG_WARN_UNREACHABLE_CODE = YES;
				CLANG_WARN__DUPLICATE_METHOD_MATCH = YES;
				"CODE_SIGN_IDENTITY[sdk=iphoneos*]" = "iPhone Developer";
				COPY_PHASE_STRIP = NO;
				DEBUG_INFORMATION_FORMAT = "dwarf-with-dsym";
				ENABLE_NS_ASSERTIONS = NO;
				ENABLE_STRICT_OBJC_MSGSEND = YES;
				GCC_C_LANGUAGE_STANDARD = gnu99;
				GCC_NO_COMMON_BLOCKS = YES;
				GCC_WARN_64_TO_32_BIT_CONVERSION = YES;
				GCC_WARN_ABOUT_RETURN_TYPE = YES_ERROR;
				GCC_WARN_UNDECLARED_SELECTOR = YES;
				GCC_WARN_UNINITIALIZED_AUTOS = YES_AGGRESSIVE;
				GCC_WARN_UNUSED_FUNCTION = YES;
				GCC_WARN_UNUSED_VARIABLE = YES;
				IPHONEOS_DEPLOYMENT_TARGET = 9.1;
				MTL_ENABLE_DEBUG_INFO = NO;
				SDKROOT = iphoneos;
				VALIDATE_PRODUCT = YES;
			};
			name = Release;
		};
		5E47F3461C3EAE9B00EC0751 /* Debug */ = {
			isa = XCBuildConfiguration;
			buildSettings = {
				ASSETCATALOG_COMPILER_APPICON_NAME = AppIcon;
				INFOPLIST_FILE = Demo/Info.plist;
				LD_RUNPATH_SEARCH_PATHS = "$(inherited) @executable_path/Frameworks";
				PRODUCT_BUNDLE_IDENTIFIER = com.ashfurrow.Demo;
				PRODUCT_NAME = "$(TARGET_NAME)";
			};
			name = Debug;
		};
		5E47F3471C3EAE9B00EC0751 /* Release */ = {
			isa = XCBuildConfiguration;
			buildSettings = {
				ASSETCATALOG_COMPILER_APPICON_NAME = AppIcon;
				INFOPLIST_FILE = Demo/Info.plist;
				LD_RUNPATH_SEARCH_PATHS = "$(inherited) @executable_path/Frameworks";
				PRODUCT_BUNDLE_IDENTIFIER = com.ashfurrow.Demo;
				PRODUCT_NAME = "$(TARGET_NAME)";
			};
			name = Release;
		};
		5E47F3491C3EAE9B00EC0751 /* Debug */ = {
			isa = XCBuildConfiguration;
			baseConfigurationReference = EB1B85FE14BD052FF848891A /* Pods-DemoTests.debug.xcconfig */;
			buildSettings = {
				BUNDLE_LOADER = "$(TEST_HOST)";
				INFOPLIST_FILE = DemoTests/Info.plist;
				LD_RUNPATH_SEARCH_PATHS = "$(inherited) @executable_path/Frameworks @loader_path/Frameworks";
				PRODUCT_BUNDLE_IDENTIFIER = com.ashfurrow.DemoTests;
				PRODUCT_NAME = "$(TARGET_NAME)";
				TEST_HOST = "$(BUILT_PRODUCTS_DIR)/Demo.app/Demo";
			};
			name = Debug;
		};
		5E47F34A1C3EAE9B00EC0751 /* Release */ = {
			isa = XCBuildConfiguration;
			baseConfigurationReference = 4A7392CAD0494CEBBADF1D80 /* Pods-DemoTests.release.xcconfig */;
			buildSettings = {
				BUNDLE_LOADER = "$(TEST_HOST)";
				INFOPLIST_FILE = DemoTests/Info.plist;
				LD_RUNPATH_SEARCH_PATHS = "$(inherited) @executable_path/Frameworks @loader_path/Frameworks";
				PRODUCT_BUNDLE_IDENTIFIER = com.ashfurrow.DemoTests;
				PRODUCT_NAME = "$(TARGET_NAME)";
				TEST_HOST = "$(BUILT_PRODUCTS_DIR)/Demo.app/Demo";
			};
			name = Release;
		};
/* End XCBuildConfiguration section */

/* Begin XCConfigurationList section */
		5E47F3231C3EAE9B00EC0751 /* Build configuration list for PBXProject "Demo" */ = {
			isa = XCConfigurationList;
			buildConfigurations = (
				5E47F3431C3EAE9B00EC0751 /* Debug */,
				5E47F3441C3EAE9B00EC0751 /* Release */,
			);
			defaultConfigurationIsVisible = 0;
			defaultConfigurationName = Release;
		};
		5E47F3451C3EAE9B00EC0751 /* Build configuration list for PBXNativeTarget "Demo" */ = {
			isa = XCConfigurationList;
			buildConfigurations = (
				5E47F3461C3EAE9B00EC0751 /* Debug */,
				5E47F3471C3EAE9B00EC0751 /* Release */,
			);
			defaultConfigurationIsVisible = 0;
			defaultConfigurationName = Release;
		};
		5E47F3481C3EAE9B00EC0751 /* Build configuration list for PBXNativeTarget "DemoTests" */ = {
			isa = XCConfigurationList;
			buildConfigurations = (
				5E47F3491C3EAE9B00EC0751 /* Debug */,
				5E47F34A1C3EAE9B00EC0751 /* Release */,
			);
			defaultConfigurationIsVisible = 0;
			defaultConfigurationName = Release;
		};
/* End XCConfigurationList section */
	};
	rootObject = 5E47F3201C3EAE9B00EC0751 /* Project object */;
}
