PODS:
  - Nimble (5.1.1)
  - Quick (1.0.0)
  - RxBlocking (3.0.1):
    - RxSwift (~> 3.0)
  - RxNimble (0.3.0):
    - Nimble (~> 5.1.1)
    - RxBlocking (~> 3.0.1)
    - RxSwift (~> 3.0.1)
  - RxSwift (3.0.1)

DEPENDENCIES:
  - Nimble
  - Quick
  - RxNimble (from `../`)

EXTERNAL SOURCES:
  RxNimble:
    :path: ../

SPEC CHECKSUMS:
  Nimble: 415e3aa3267e7bc2c96b05fa814ddea7bb686a29
  Quick: 8024e4a47e6cc03a9d5245ef0948264fc6d27cff
  RxBlocking: 5de082d09d1ab45b49173f309f1a97d6b50f34c4
  RxNimble: 26fc0ad74d0030a9123a5fe85ab47a2b50ec8616
  RxSwift: af5680055c4ad04480189c52d28385b1029493a6

PODFILE CHECKSUM: 7405369509db0cbd242146add66181ab5ab0efb0

COCOAPODS: 1.2.0.beta.1
