PODS:
  - Nimble (7.0.0)
  - Quick (1.1.0)
  - RxBlocking (3.4.1):
    - RxSwift (~> 3.4)
  - RxNimble (2.0.0):
    - Nimble (~> 7.0)
    - RxBlocking (~> 3.0)
    - RxSwift (~> 3.0)
  - RxSwift (3.4.1)

DEPENDENCIES:
  - Nimble
  - Quick
  - RxNimble (from `../`)

EXTERNAL SOURCES:
  RxNimble:
    :path: "../"

SPEC CHECKSUMS:
  Nimble: 874982b605d4d752fcac6be695d13c502de84b1b
  Quick: dafc587e21eed9f4cab3249b9f9015b0b7a7f71d
  RxBlocking: 1e8c41cfe7ca2fc0e19d0e616c553845c63cbbd3
  RxNimble: 0a187f22441eca11779f17ffd6565f03a3f5b1fb
  RxSwift: 656f8fbeca5bc372121a72d9ebdd3cd3bc0ffade

PODFILE CHECKSUM: 7405369509db0cbd242146add66181ab5ab0efb0

COCOAPODS: 1.2.1
