PODS:
  - Nimble (7.3.0)
  - Quick (1.3.1)
  - RxBlocking (4.2.0):
    - RxSwift (~> 4.0)
  - RxNimble (4.2.0):
    - Nimble (~> 7.0)
    - RxBlocking (~> 4.0)
    - RxSwift (~> 4.2)
  - RxSwift (4.2.0)

DEPENDENCIES:
  - Nimble
  - Quick
  - RxNimble (from `../`)

SPEC REPOS:
  https://github.com/cocoapods/specs.git:
    - Nimble
    - Quick
    - RxBlocking
    - RxSwift

EXTERNAL SOURCES:
  RxNimble:
    :path: "../"

SPEC CHECKSUMS:
  Nimble: c8d6a1f463701921c46de965c673e13cafa09196
  Quick: d17304d58d0d169dd0bd1c6e5c28e3318de32a1a
  RxBlocking: e339d8a6e752e25ade95ff858466c55436668f59
  RxNimble: cb8c3dd1ca79b83c60744f1c327130c1aef202a1
  RxSwift: 99e10317ddfcc7fbe01356aafd118fde4a0be104

PODFILE CHECKSUM: 7405369509db0cbd242146add66181ab5ab0efb0

COCOAPODS: 1.5.3
